
Microsoft Visual Studio Solution File, Format Version 12.00
# Visual Studio 15
VisualStudioVersion = 15.0.28307.438
MinimumVisualStudioVersion = 10.0.40219.1
Project("{FAE04EC0-301F-11D3-BF4B-00C04F79EFBC}") = "WinFrmTrnspMngmnt", "WinFrmTrnspMngmnt\WinFrmTrnspMngmnt.csproj", "{EC05BEB9-3EFD-46C2-80A1-172F7E02D250}"
EndProject
Global
	GlobalSection(SolutionConfigurationPlatforms) = preSolution
		Debug|Any CPU = Debug|Any CPU
		Release|Any CPU = Release|Any CPU
	EndGlobalSection
	GlobalSection(ProjectConfigurationPlatforms) = postSolution
		{EC05BEB9-3EFD-46C2-80A1-172F7E02D250}.Debug|Any CPU.ActiveCfg = Debug|Any CPU
		{EC05BEB9-3EFD-46C2-80A1-172F7E02D250}.Debug|Any CPU.Build.0 = Debug|Any CPU
		{EC05BEB9-3EFD-46C2-80A1-172F7E02D250}.Release|Any CPU.ActiveCfg = Release|Any CPU
		{EC05BEB9-3EFD-46C2-80A1-172F7E02D250}.Release|Any CPU.Build.0 = Release|Any CPU
	EndGlobalSection
	GlobalSection(SolutionProperties) = preSolution
		HideSolutionNode = FALSE
	EndGlobalSection
	GlobalSection(ExtensibilityGlobals) = postSolution
		SolutionGuid = {3B2F10EC-C1B1-4CED-A346-0892E62C0B98}
	EndGlobalSection
EndGlobal
